
Microsoft Visual Studio Solution File, Format Version 12.00
# Visual Studio 2015
Project("{FAE04EC0-301F-11D3-BF4B-00C04F79EFBC}") = "AGE OF WAR", "AGE OF WAR.csproj", "{1A460820-D13E-03B0-1026-1B8CFECC0EB0}"
EndProject
Global
	GlobalSection(SolutionConfigurationPlatforms) = preSolution
		Debug|Any CPU = Debug|Any CPU
		Release|Any CPU = Release|Any CPU
	EndGlobalSection
	GlobalSection(ProjectConfigurationPlatforms) = postSolution
		{1A460820-D13E-03B0-1026-1B8CFECC0EB0}.Debug|Any CPU.ActiveCfg = Debug|Any CPU
		{1A460820-D13E-03B0-1026-1B8CFECC0EB0}.Debug|Any CPU.Build.0 = Debug|Any CPU
		{1A460820-D13E-03B0-1026-1B8CFECC0EB0}.Release|Any CPU.ActiveCfg = Release|Any CPU
		{1A460820-D13E-03B0-1026-1B8CFECC0EB0}.Release|Any CPU.Build.0 = Release|Any CPU
	EndGlobalSection
	GlobalSection(SolutionProperties) = preSolution
		HideSolutionNode = FALSE
	EndGlobalSection
EndGlobal
